// !$*UTF8*$!
{
	archiveVersion = 1;
	classes = {
	};
	objectVersion = 56;
	objects = {

/* Begin PBXBuildFile section */
		6C73F2502B6BC051009AD8A7 /* AppDelegate.swift in Sources */ = {isa = PBXBuildFile; fileRef = 6C73F24F2B6BC051009AD8A7 /* AppDelegate.swift */; };
		6C73F2522B6BC051009AD8A7 /* SceneDelegate.swift in Sources */ = {isa = PBXBuildFile; fileRef = 6C73F2512B6BC051009AD8A7 /* SceneDelegate.swift */; };
		6C73F2542B6BC051009AD8A7 /* ViewController.swift in Sources */ = {isa = PBXBuildFile; fileRef = 6C73F2532B6BC051009AD8A7 /* ViewController.swift */; };
		6C73F2592B6BC055009AD8A7 /* Assets.xcassets in Resources */ = {isa = PBXBuildFile; fileRef = 6C73F2582B6BC055009AD8A7 /* Assets.xcassets */; };
		6C73F25C2B6BC055009AD8A7 /* LaunchScreen.storyboard in Resources */ = {isa = PBXBuildFile; fileRef = 6C73F25A2B6BC055009AD8A7 /* LaunchScreen.storyboard */; };
		6C73F2642B6BC426009AD8A7 /* stars_canvas.html in Resources */ = {isa = PBXBuildFile; fileRef = 6C73F2632B6BC426009AD8A7 /* stars_canvas.html */; };
		6C73F2682B6BC69C009AD8A7 /* styles.css in Resources */ = {isa = PBXBuildFile; fileRef = 6C73F2672B6BC69C009AD8A7 /* styles.css */; };
		6C73F26A2B6BC6B7009AD8A7 /* stars.js in Resources */ = {isa = PBXBuildFile; fileRef = 6C73F2692B6BC6B7009AD8A7 /* stars.js */; };
		6C73F26E2B6D1E2A009AD8A7 /* HTML_CSS_JS-Code.html in Resources */ = {isa = PBXBuildFile; fileRef = 6C73F26D2B6D1E2A009AD8A7 /* HTML_CSS_JS-Code.html */; };
/* End PBXBuildFile section */

/* Begin PBXFileReference section */
		6C73F24C2B6BC051009AD8A7 /* AnimationBackground.app */ = {isa = PBXFileReference; explicitFileType = wrapper.application; includeInIndex = 0; path = AnimationBackground.app; sourceTree = BUILT_PRODUCTS_DIR; };
		6C73F24F2B6BC051009AD8A7 /* AppDelegate.swift */ = {isa = PBXFileReference; lastKnownFileType = sourcecode.swift; path = AppDelegate.swift; sourceTree = "<group>"; };
		6C73F2512B6BC051009AD8A7 /* SceneDelegate.swift */ = {isa = PBXFileReference; lastKnownFileType = sourcecode.swift; path = SceneDelegate.swift; sourceTree = "<group>"; };
		6C73F2532B6BC051009AD8A7 /* ViewController.swift */ = {isa = PBXFileReference; lastKnownFileType = sourcecode.swift; path = ViewController.swift; sourceTree = "<group>"; };
		6C73F2582B6BC055009AD8A7 /* Assets.xcassets */ = {isa = PBXFileReference; lastKnownFileType = folder.assetcatalog; path = Assets.xcassets; sourceTree = "<group>"; };
		6C73F25B2B6BC055009AD8A7 /* Base */ = {isa = PBXFileReference; lastKnownFileType = file.storyboard; name = Base; path = Base.lproj/LaunchScreen.storyboard; sourceTree = "<group>"; };
		6C73F25D2B6BC055009AD8A7 /* Info.plist */ = {isa = PBXFileReference; lastKnownFileType = text.plist.xml; path = Info.plist; sourceTree = "<group>"; };
		6C73F2632B6BC426009AD8A7 /* stars_canvas.html */ = {isa = PBXFileReference; lastKnownFileType = text.html; path = stars_canvas.html; sourceTree = "<group>"; };
		6C73F2672B6BC69C009AD8A7 /* styles.css */ = {isa = PBXFileReference; lastKnownFileType = text.css; path = styles.css; sourceTree = "<group>"; };
		6C73F2692B6BC6B7009AD8A7 /* stars.js */ = {isa = PBXFileReference; lastKnownFileType = sourcecode.javascript; path = stars.js; sourceTree = "<group>"; };
		6C73F26D2B6D1E2A009AD8A7 /* HTML_CSS_JS-Code.html */ = {isa = PBXFileReference; lastKnownFileType = text.html; path = "HTML_CSS_JS-Code.html"; sourceTree = "<group>"; };
/* End PBXFileReference section */

/* Begin PBXFrameworksBuildPhase section */
		6C73F2492B6BC051009AD8A7 /* Frameworks */ = {
			isa = PBXFrameworksBuildPhase;
			buildActionMask = 2147483647;
			files = (
			);
			runOnlyForDeploymentPostprocessing = 0;
		};
/* End PBXFrameworksBuildPhase section */

/* Begin PBXGroup section */
		6C73F2432B6BC051009AD8A7 = {
			isa = PBXGroup;
			children = (
				6C73F24E2B6BC051009AD8A7 /* AnimationBackground */,
				6C73F24D2B6BC051009AD8A7 /* Products */,
			);
			sourceTree = "<group>";
		};
		6C73F24D2B6BC051009AD8A7 /* Products */ = {
			isa = PBXGroup;
			children = (
				6C73F24C2B6BC051009AD8A7 /* AnimationBackground.app */,
			);
			name = Products;
			sourceTree = "<group>";
		};
		6C73F24E2B6BC051009AD8A7 /* AnimationBackground */ = {
			isa = PBXGroup;
			children = (
				C97FBB8E2F7C0FC600F51F9D /* App */,
				C97FBB8C2F7C0F9B00F51F9D /* Presentation */,
				C97FBB8D2F7C0FAF00F51F9D /* Web */,
				6C73F2582B6BC055009AD8A7 /* Assets.xcassets */,
				6C73F25A2B6BC055009AD8A7 /* LaunchScreen.storyboard */,
				6C73F25D2B6BC055009AD8A7 /* Info.plist */,
			);
			path = AnimationBackground;
			sourceTree = "<group>";
		};
		C97FBB8C2F7C0F9B00F51F9D /* Presentation */ = {
			isa = PBXGroup;
			children = (
				6C73F2532B6BC051009AD8A7 /* ViewController.swift */,
			);
			path = Presentation;
			sourceTree = "<group>";
		};
		C97FBB8D2F7C0FAF00F51F9D /* Web */ = {
			isa = PBXGroup;
			children = (
				6C73F2632B6BC426009AD8A7 /* stars_canvas.html */,
				6C73F2672B6BC69C009AD8A7 /* styles.css */,
				6C73F2692B6BC6B7009AD8A7 /* stars.js */,
				6C73F26D2B6D1E2A009AD8A7 /* HTML_CSS_JS-Code.html */,
			);
			path = Web;
			sourceTree = "<group>";
		};
		C97FBB8E2F7C0FC600F51F9D /* App */ = {
			isa = PBXGroup;
			children = (
				6C73F24F2B6BC051009AD8A7 /* AppDelegate.swift */,
				6C73F2512B6BC051009AD8A7 /* SceneDelegate.swift */,
			);
			path = App;
			sourceTree = "<group>";
		};
/* End PBXGroup section */

/* Begin PBXNativeTarget section */
		6C73F24B2B6BC051009AD8A7 /* AnimationBackground */ = {
			isa = PBXNativeTarget;
			buildConfigurationList = 6C73F2602B6BC055009AD8A7 /* Build configuration list for PBXNativeTarget "AnimationBackground" */;
			buildPhases = (
				6C73F2482B6BC051009AD8A7 /* Sources */,
				6C73F2492B6BC051009AD8A7 /* Frameworks */,
				6C73F24A2B6BC051009AD8A7 /* Resources */,
			);
			buildRules = (
			);
			dependencies = (
			);
			name = AnimationBackground;
			productName = AnimationBackground;
			productReference = 6C73F24C2B6BC051009AD8A7 /* AnimationBackground.app */;
			productType = "com.apple.product-type.application";
		};
/* End PBXNativeTarget section */

/* Begin PBXProject section */
		6C73F2442B6BC051009AD8A7 /* Project object */ = {
			isa = PBXProject;
			attributes = {
				BuildIndependentTargetsInParallel = 1;
				LastSwiftUpdateCheck = 1520;
				LastUpgradeCheck = 1520;
				TargetAttributes = {
					6C73F24B2B6BC051009AD8A7 = {
						CreatedOnToolsVersion = 15.2;
					};
				};
			};
			buildConfigurationList = 6C73F2472B6BC051009AD8A7 /* Build configuration list for PBXProject "AnimationBackground" */;
			compatibilityVersion = "Xcode 14.0";
			developmentRegion = en;
			hasScannedForEncodings = 0;
			knownRegions = (
				en,
				Base,
			);
			mainGroup = 6C73F2432B6BC051009AD8A7;
			productRefGroup = 6C73F24D2B6BC051009AD8A7 /* Products */;
			projectDirPath = "";
			projectRoot = "";
			targets = (
				6C73F24B2B6BC051009AD8A7 /* AnimationBackground */,
			);
		};
/* End PBXProject section */

/* Begin PBXResourcesBuildPhase section */
		6C73F24A2B6BC051009AD8A7 /* Resources */ = {
			isa = PBXResourcesBuildPhase;
			buildActionMask = 2147483647;
			files = (
				6C73F25C2B6BC055009AD8A7 /* LaunchScreen.storyboard in Resources */,
				6C73F26A2B6BC6B7009AD8A7 /* stars.js in Resources */,
				6C73F2642B6BC426009AD8A7 /* stars_canvas.html in Resources */,
				6C73F26E2B6D1E2A009AD8A7 /* HTML_CSS_JS-Code.html in Resources */,
				6C73F2592B6BC055009AD8A7 /* Assets.xcassets in Resources */,
				6C73F2682B6BC69C009AD8A7 /* styles.css in Resources */,
			);
			runOnlyForDeploymentPostprocessing = 0;
		};
/* End PBXResourcesBuildPhase section */

/* Begin PBXSourcesBuildPhase section */
		6C73F2482B6BC051009AD8A7 /* Sources */ = {
			isa = PBXSourcesBuildPhase;
			buildActionMask = 2147483647;
			files = (
				6C73F2542B6BC051009AD8A7 /* ViewController.swift in Sources */,
				6C73F2502B6BC051009AD8A7 /* AppDelegate.swift in Sources */,
				6C73F2522B6BC051009AD8A7 /* SceneDelegate.swift in Sources */,
			);
			runOnlyForDeploymentPostprocessing = 0;
		};
/* End PBXSourcesBuildPhase section */

/* Begin PBXVariantGroup section */
		6C73F25A2B6BC055009AD8A7 /* LaunchScreen.storyboard */ = {
			isa = PBXVariantGroup;
			children = (
				6C73F25B2B6BC055009AD8A7 /* Base */,
			);
			name = LaunchScreen.storyboard;
			sourceTree = "<group>";
		};
/* End PBXVariantGroup section */

/* Begin XCBuildConfiguration section */
		6C73F25E2B6BC055009AD8A7 /* Debug */ = {
			isa = XCBuildConfiguration;
			buildSettings = {
				ALWAYS_SEARCH_USER_PATHS = NO;
				ASSETCATALOG_COMPILER_GENERATE_SWIFT_ASSET_SYMBOL_EXTENSIONS = YES;
				CLANG_ANALYZER_NONNULL = YES;
				CLANG_ANALYZER_NUMBER_OBJECT_CONVERSION = YES_AGGRESSIVE;
				CLANG_CXX_LANGUAGE_STANDARD = "gnu++20";
				CLANG_ENABLE_MODULES = YES;
				CLANG_ENABLE_OBJC_ARC = YES;
				CLANG_ENABLE_OBJC_WEAK = YES;
				CLANG_WARN_BLOCK_CAPTURE_AUTORELEASING = YES;
				CLANG_WARN_BOOL_CONVERSION = YES;
				CLANG_WARN_COMMA = YES;
				CLANG_WARN_CONSTANT_CONVERSION = YES;
				CLANG_WARN_DEPRECATED_OBJC_IMPLEMENTATIONS = YES;
				CLANG_WARN_DIRECT_OBJC_ISA_USAGE = YES_ERROR;
				CLANG_WARN_DOCUMENTATION_COMMENTS = YES;
				CLANG_WARN_EMPTY_BODY = YES;
				CLANG_WARN_ENUM_CONVERSION = YES;
				CLANG_WARN_INFINITE_RECURSION = YES;
				CLANG_WARN_INT_CONVERSION = YES;
				CLANG_WARN_NON_LITERAL_NULL_CONVERSION = YES;
				CLANG_WARN_OBJC_IMPLICIT_RETAIN_SELF = YES;
				CLANG_WARN_OBJC_LITERAL_CONVERSION = YES;
				CLANG_WARN_OBJC_ROOT_CLASS = YES_ERROR;
				CLANG_WARN_QUOTED_INCLUDE_IN_FRAMEWORK_HEADER = YES;
				CLANG_WARN_RANGE_LOOP_ANALYSIS = YES;
				CLANG_WARN_STRICT_PROTOTYPES = YES;
				CLANG_WARN_SUSPICIOUS_MOVE = YES;
				CLANG_WARN_UNGUARDED_AVAILABILITY = YES_AGGRESSIVE;
				CLANG_WARN_UNREACHABLE_CODE = YES;
				CLANG_WARN__DUPLICATE_METHOD_MATCH = YES;
				COPY_PHASE_STRIP = NO;
				DEBUG_INFORMATION_FORMAT = dwarf;
				ENABLE_STRICT_OBJC_MSGSEND = YES;
				ENABLE_TESTABILITY = YES;
				ENABLE_USER_SCRIPT_SANDBOXING = YES;
				GCC_C_LANGUAGE_STANDARD = gnu17;
				GCC_DYNAMIC_NO_PIC = NO;
				GCC_NO_COMMON_BLOCKS = YES;
				GCC_OPTIMIZATION_LEVEL = 0;
				GCC_PREPROCESSOR_DEFINITIONS = (
					"DEBUG=1",
					"$(inherited)",
				);
				GCC_WARN_64_TO_32_BIT_CONVERSION = YES;
				GCC_WARN_ABOUT_RETURN_TYPE = YES_ERROR;
				GCC_WARN_UNDECLARED_SELECTOR = YES;
				GCC_WARN_UNINITIALIZED_AUTOS = YES_AGGRESSIVE;
				GCC_WARN_UNUSED_FUNCTION = YES;
				GCC_WARN_UNUSED_VARIABLE = YES;
				IPHONEOS_DEPLOYMENT_TARGET = 17.2;
				LOCALIZATION_PREFERS_STRING_CATALOGS = YES;
				MTL_ENABLE_DEBUG_INFO = INCLUDE_SOURCE;
				MTL_FAST_MATH = YES;
				ONLY_ACTIVE_ARCH = YES;
				SDKROOT = iphoneos;
				SWIFT_ACTIVE_COMPILATION_CONDITIONS = "DEBUG $(inherited)";
				SWIFT_OPTIMIZATION_LEVEL = "-Onone";
			};
			name = Debug;
		};
		6C73F25F2B6BC055009AD8A7 /* Release */ = {
			isa = XCBuildConfiguration;
			buildSettings = {
				ALWAYS_SEARCH_USER_PATHS = NO;
				ASSETCATALOG_COMPILER_GENERATE_SWIFT_ASSET_SYMBOL_EXTENSIONS = YES;
				CLANG_ANALYZER_NONNULL = YES;
				CLANG_ANALYZER_NUMBER_OBJECT_CONVERSION = YES_AGGRESSIVE;
				CLANG_CXX_LANGUAGE_STANDARD = "gnu++20";
				CLANG_ENABLE_MODULES = YES;
				CLANG_ENABLE_OBJC_ARC = YES;
				CLANG_ENABLE_OBJC_WEAK = YES;
				CLANG_WARN_BLOCK_CAPTURE_AUTORELEASING = YES;
				CLANG_WARN_BOOL_CONVERSION = YES;
				CLANG_WARN_COMMA = YES;
				CLANG_WARN_CONSTANT_CONVERSION = YES;
				CLANG_WARN_DEPRECATED_OBJC_IMPLEMENTATIONS = YES;
				CLANG_WARN_DIRECT_OBJC_ISA_USAGE = YES_ERROR;
				CLANG_WARN_DOCUMENTATION_COMMENTS = YES;
				CLANG_WARN_EMPTY_BODY = YES;
				CLANG_WARN_ENUM_CONVERSION = YES;
				CLANG_WARN_INFINITE_RECURSION = YES;
				CLANG_WARN_INT_CONVERSION = YES;
				CLANG_WARN_NON_LITERAL_NULL_CONVERSION = YES;
				CLANG_WARN_OBJC_IMPLICIT_RETAIN_SELF = YES;
				CLANG_WARN_OBJC_LITERAL_CONVERSION = YES;
				CLANG_WARN_OBJC_ROOT_CLASS = YES_ERROR;
				CLANG_WARN_QUOTED_INCLUDE_IN_FRAMEWORK_HEADER = YES;
				CLANG_WARN_RANGE_LOOP_ANALYSIS = YES;
				CLANG_WARN_STRICT_PROTOTYPES = YES;
				CLANG_WARN_SUSPICIOUS_MOVE = YES;
				CLANG_WARN_UNGUARDED_AVAILABILITY = YES_AGGRESSIVE;
				CLANG_WARN_UNREACHABLE_CODE = YES;
				CLANG_WARN__DUPLICATE_METHOD_MATCH = YES;
				COPY_PHASE_STRIP = NO;
				DEBUG_INFORMATION_FORMAT = "dwarf-with-dsym";
				ENABLE_NS_ASSERTIONS = NO;
				ENABLE_STRICT_OBJC_MSGSEND = YES;
				ENABLE_USER_SCRIPT_SANDBOXING = YES;
				GCC_C_LANGUAGE_STANDARD = gnu17;
				GCC_NO_COMMON_BLOCKS = YES;
				GCC_WARN_64_TO_32_BIT_CONVERSION = YES;
				GCC_WARN_ABOUT_RETURN_TYPE = YES_ERROR;
				GCC_WARN_UNDECLARED_SELECTOR = YES;
				GCC_WARN_UNINITIALIZED_AUTOS = YES_AGGRESSIVE;
				GCC_WARN_UNUSED_FUNCTION = YES;
				GCC_WARN_UNUSED_VARIABLE = YES;
				IPHONEOS_DEPLOYMENT_TARGET = 17.2;
				LOCALIZATION_PREFERS_STRING_CATALOGS = YES;
				MTL_ENABLE_DEBUG_INFO = NO;
				MTL_FAST_MATH = YES;
				SDKROOT = iphoneos;
				SWIFT_COMPILATION_MODE = wholemodule;
				VALIDATE_PRODUCT = YES;
			};
			name = Release;
		};
		6C73F2612B6BC055009AD8A7 /* Debug */ = {
			isa = XCBuildConfiguration;
			buildSettings = {
				ASSETCATALOG_COMPILER_APPICON_NAME = AppIcon;
				ASSETCATALOG_COMPILER_GLOBAL_ACCENT_COLOR_NAME = AccentColor;
				CODE_SIGN_STYLE = Automatic;
				CURRENT_PROJECT_VERSION = 1;
				DEVELOPMENT_TEAM = 69Q2YBDPVP;
				GENERATE_INFOPLIST_FILE = YES;
				INFOPLIST_FILE = AnimationBackground/Info.plist;
				INFOPLIST_KEY_UIApplicationSupportsIndirectInputEvents = YES;
				INFOPLIST_KEY_UILaunchStoryboardName = LaunchScreen;
				INFOPLIST_KEY_UISupportedInterfaceOrientations_iPad = "UIInterfaceOrientationPortrait UIInterfaceOrientationPortraitUpsideDown UIInterfaceOrientationLandscapeLeft UIInterfaceOrientationLandscapeRight";
				INFOPLIST_KEY_UISupportedInterfaceOrientations_iPhone = "UIInterfaceOrientationPortrait UIInterfaceOrientationLandscapeLeft UIInterfaceOrientationLandscapeRight";
				IPHONEOS_DEPLOYMENT_TARGET = 14.6;
				LD_RUNPATH_SEARCH_PATHS = (
					"$(inherited)",
					"@executable_path/Frameworks",
				);
				MARKETING_VERSION = 1.0;
				PRODUCT_BUNDLE_IDENTIFIER = "com.yarp.ios-cleaner";
				PRODUCT_NAME = "$(TARGET_NAME)";
				SWIFT_EMIT_LOC_STRINGS = YES;
				SWIFT_VERSION = 5.0;
				TARGETED_DEVICE_FAMILY = "1,2";
			};
			name = Debug;
		};
		6C73F2622B6BC055009AD8A7 /* Release */ = {
			isa = XCBuildConfiguration;
			buildSettings = {
				ASSETCATALOG_COMPILER_APPICON_NAME = AppIcon;
				ASSETCATALOG_COMPILER_GLOBAL_ACCENT_COLOR_NAME = AccentColor;
				CODE_SIGN_STYLE = Automatic;
				CURRENT_PROJECT_VERSION = 1;
				DEVELOPMENT_TEAM = 69Q2YBDPVP;
				GENERATE_INFOPLIST_FILE = YES;
				INFOPLIST_FILE = AnimationBackground/Info.plist;
				INFOPLIST_KEY_UIApplicationSupportsIndirectInputEvents = YES;
				INFOPLIST_KEY_UILaunchStoryboardName = LaunchScreen;
				INFOPLIST_KEY_UISupportedInterfaceOrientations_iPad = "UIInterfaceOrientationPortrait UIInterfaceOrientationPortraitUpsideDown UIInterfaceOrientationLandscapeLeft UIInterfaceOrientationLandscapeRight";
				INFOPLIST_KEY_UISupportedInterfaceOrientations_iPhone = "UIInterfaceOrientationPortrait UIInterfaceOrientationLandscapeLeft UIInterfaceOrientationLandscapeRight";
				IPHONEOS_DEPLOYMENT_TARGET = 14.6;
				LD_RUNPATH_SEARCH_PATHS = (
					"$(inherited)",
					"@executable_path/Frameworks",
				);
				MARKETING_VERSION = 1.0;
				PRODUCT_BUNDLE_IDENTIFIER = "com.yarp.ios-cleaner";
				PRODUCT_NAME = "$(TARGET_NAME)";
				SWIFT_EMIT_LOC_STRINGS = YES;
				SWIFT_VERSION = 5.0;
				TARGETED_DEVICE_FAMILY = "1,2";
			};
			name = Release;
		};
/* End XCBuildConfiguration section */

/* Begin XCConfigurationList section */
		6C73F2472B6BC051009AD8A7 /* Build configuration list for PBXProject "AnimationBackground" */ = {
			isa = XCConfigurationList;
			buildConfigurations = (
				6C73F25E2B6BC055009AD8A7 /* Debug */,
				6C73F25F2B6BC055009AD8A7 /* Release */,
			);
			defaultConfigurationIsVisible = 0;
			defaultConfigurationName = Release;
		};
		6C73F2602B6BC055009AD8A7 /* Build configuration list for PBXNativeTarget "AnimationBackground" */ = {
			isa = XCConfigurationList;
			buildConfigurations = (
				6C73F2612B6BC055009AD8A7 /* Debug */,
				6C73F2622B6BC055009AD8A7 /* Release */,
			);
			defaultConfigurationIsVisible = 0;
			defaultConfigurationName = Release;
		};
/* End XCConfigurationList section */
	};
	rootObject = 6C73F2442B6BC051009AD8A7 /* Project object */;
}
